{
  "version": 4,
  "terraform_version": "1.6.6",
  "serial": 7,
  "lineage": "f9fc28fe-08eb-8666-ddec-32878ca36027",
  "outputs": {
    "app_container_ip": {
      "value": "172.18.0.3",
      "type": "string"
    },
    "app_container_name": {
      "value": "demoapp-dev-app",
      "type": "string"
    },
    "db_container_ip": {
      "value": "172.18.0.2",
      "type": "string"
    },
    "db_container_name": {
      "value": "demoapp-dev-db",
      "type": "string"
    }
  },
  "resources": [
    {
      "mode": "managed",
      "type": "docker_container",
      "name": "app",
      "provider": "provider[\"registry.terraform.io/kreuzwerker/docker\"]",
      "instances": [
        {
          "schema_version": 2,
          "attributes": {
            "attach": false,
            "bridge": "",
            "capabilities": [],
            "cgroup_parent": null,
            "cgroupns_mode": null,
            "command": [
              "python",
              "app.py"
            ],
            "container_logs": null,
            "container_read_refresh_timeout_milliseconds": 15000,
            "cpu_period": null,
            "cpu_quota": null,
            "cpu_set": "",
            "cpu_shares": 0,
            "cpus": null,
            "destroy_grace_seconds": null,
            "devices": [],
            "dns": null,
            "dns_opts": null,
            "dns_search": null,
            "domainname": "",
            "entrypoint": [],
            "env": [
              "APP_PORT=8080",
              "DB_HOST=demoapp-dev-db",
              "DB_NAME=appdb",
              "DB_PASSWORD=secure_password",
              "DB_PORT=5432",
              "DB_USER=postgres",
              "ENVIRONMENT=dev",
              "PROJECT_NAME=demoapp"
            ],
            "exit_code": null,
            "gpus": null,
            "group_add": null,
            "healthcheck": null,
            "host": [],
            "hostname": "350a67f85ca7",
            "id": "350a67f85ca7907a340191487bdb8d23344374f17760d8ce48139f6d8ce21058",
            "image": "sha256:c3925d66231423a203a9e5cdbe71d27577042a223bdbfd90c5deeb6f9a2811fe",
            "init": false,
            "ipc_mode": "private",
            "labels": [],
            "log_driver": "json-file",
            "log_opts": null,
            "logs": false,
            "max_retry_count": 0,
            "memory": 0,
            "memory_swap": 0,
            "mounts": [],
            "must_run": true,
            "name": "demoapp-dev-app",
            "network_data": [
              {
                "gateway": "172.18.0.1",
                "global_ipv6_address": "",
                "global_ipv6_prefix_length": 0,
                "ip_address": "172.18.0.3",
                "ip_prefix_length": 16,
                "ipv6_gateway": "",
                "mac_address": "da:ff:5e:e9:ec:55",
                "network_name": "demoapp-dev-net"
              }
            ],
            "network_mode": "bridge",
            "networks_advanced": [
              {
                "aliases": [],
                "ipv4_address": "",
                "ipv6_address": "",
                "name": "demoapp-dev-net"
              }
            ],
            "pid_mode": "",
            "ports": [
              {
                "external": 8080,
                "internal": 8080,
                "ip": "0.0.0.0",
                "protocol": "tcp"
              }
            ],
            "privileged": false,
            "publish_all_ports": false,
            "read_only": false,
            "remove_volumes": true,
            "restart": "unless-stopped",
            "rm": false,
            "runtime": "runc",
            "security_opts": [],
            "shm_size": 64,
            "start": true,
            "stdin_open": false,
            "stop_signal": "",
            "stop_timeout": 0,
            "storage_opts": null,
            "sysctls": null,
            "tmpfs": null,
            "tty": false,
            "ulimit": [],
            "upload": [],
            "user": "",
            "userns_mode": "",
            "volumes": [],
            "wait": false,
            "wait_timeout": 60,
            "working_dir": "/app"
          },
          "sensitive_attributes": [],
          "private": "eyJzY2hlbWFfdmVyc2lvbiI6IjIifQ==",
          "dependencies": [
            "docker_container.db",
            "docker_image.app",
            "docker_image.postgres",
            "docker_network.app",
            "docker_volume.db_data"
          ]
        }
      ]
    },
    {
      "mode": "managed",
      "type": "docker_container",
      "name": "db",
      "provider": "provider[\"registry.terraform.io/kreuzwerker/docker\"]",
      "instances": [
        {
          "schema_version": 2,
          "attributes": {
            "attach": false,
            "bridge": "",
            "capabilities": [],
            "cgroup_parent": null,
            "cgroupns_mode": null,
            "command": [
              "postgres"
            ],
            "container_logs": null,
            "container_read_refresh_timeout_milliseconds": 15000,
            "cpu_period": null,
            "cpu_quota": null,
            "cpu_set": "",
            "cpu_shares": 0,
            "cpus": null,
            "destroy_grace_seconds": null,
            "devices": [],
            "dns": null,
            "dns_opts": null,
            "dns_search": null,
            "domainname": "",
            "entrypoint": [
              "docker-entrypoint.sh"
            ],
            "env": [
              "POSTGRES_DB=appdb",
              "POSTGRES_PASSWORD=secure_password",
              "POSTGRES_USER=postgres"
            ],
            "exit_code": null,
            "gpus": null,
            "group_add": null,
            "healthcheck": null,
            "host": [],
            "hostname": "16dd3217e751",
            "id": "16dd3217e75188665abfae38dbb79522740f61dbe82a1d4be312a3b920d68101",
            "image": "sha256:822f8795764a670160640888508b2a68ea5c4b045012c2de17e1d0447bdbdc99",
            "init": false,
            "ipc_mode": "private",
            "labels": [],
            "log_driver": "json-file",
            "log_opts": null,
            "logs": false,
            "max_retry_count": 0,
            "memory": 0,
            "memory_swap": 0,
            "mounts": [
              {
                "bind_options": [],
                "read_only": null,
                "source": "demoapp-dev-db-data",
                "target": "/var/lib/postgresql/data",
                "tmpfs_options": [],
                "type": "volume",
                "volume_options": []
              }
            ],
            "must_run": true,
            "name": "demoapp-dev-db",
            "network_data": [
              {
                "gateway": "172.18.0.1",
                "global_ipv6_address": "",
                "global_ipv6_prefix_length": 0,
                "ip_address": "172.18.0.2",
                "ip_prefix_length": 16,
                "ipv6_gateway": "",
                "mac_address": "22:20:4a:80:1d:8d",
                "network_name": "demoapp-dev-net"
              }
            ],
            "network_mode": "bridge",
            "networks_advanced": [
              {
                "aliases": [],
                "ipv4_address": "",
                "ipv6_address": "",
                "name": "demoapp-dev-net"
              }
            ],
            "pid_mode": "",
            "ports": [
              {
                "external": 5432,
                "internal": 5432,
                "ip": "0.0.0.0",
                "protocol": "tcp"
              }
            ],
            "privileged": false,
            "publish_all_ports": false,
            "read_only": false,
            "remove_volumes": true,
            "restart": "unless-stopped",
            "rm": false,
            "runtime": "runc",
            "security_opts": [],
            "shm_size": 64,
            "start": true,
            "stdin_open": false,
            "stop_signal": "SIGINT",
            "stop_timeout": 0,
            "storage_opts": null,
            "sysctls": null,
            "tmpfs": null,
            "tty": false,
            "ulimit": [],
            "upload": [],
            "user": "",
            "userns_mode": "",
            "volumes": [],
            "wait": false,
            "wait_timeout": 60,
            "working_dir": ""
          },
          "sensitive_attributes": [],
          "private": "eyJzY2hlbWFfdmVyc2lvbiI6IjIifQ==",
          "dependencies": [
            "docker_image.postgres",
            "docker_network.app",
            "docker_volume.db_data"
          ]
        }
      ]
    },
    {
      "mode": "managed",
      "type": "docker_image",
      "name": "app",
      "provider": "provider[\"registry.terraform.io/kreuzwerker/docker\"]",
      "instances": [
        {
          "schema_version": 0,
          "attributes": {
            "build": [
              {
                "auth_config": [],
                "build_args": null,
                "build_id": "",
                "build_log_file": "",
                "builder": "",
                "cache_from": [],
                "cgroup_parent": "",
                "context": "./app",
                "cpu_period": null,
                "cpu_quota": null,
                "cpu_set_cpus": "",
                "cpu_set_mems": "",
                "cpu_shares": null,
                "dockerfile": "./app/Dockerfile",
                "extra_hosts": [],
                "force_remove": null,
                "isolation": "",
                "label": null,
                "labels": null,
                "memory": null,
                "memory_swap": null,
                "network_mode": "",
                "no_cache": null,
                "platform": "",
                "pull_parent": null,
                "remote_context": "",
                "remove": true,
                "secrets": [],
                "security_opt": [],
                "session_id": "",
                "shm_size": null,
                "squash": null,
                "suppress_output": null,
                "tag": [],
                "target": "",
                "ulimit": [],
                "version": ""
              }
            ],
            "force_remove": null,
            "id": "sha256:c3925d66231423a203a9e5cdbe71d27577042a223bdbfd90c5deeb6f9a2811fedemoapp-dev-app:v1",
            "image_id": "sha256:c3925d66231423a203a9e5cdbe71d27577042a223bdbfd90c5deeb6f9a2811fe",
            "keep_locally": true,
            "name": "demoapp-dev-app:v1",
            "platform": null,
            "pull_triggers": null,
            "repo_digest": "demoapp-dev-app@sha256:c3925d66231423a203a9e5cdbe71d27577042a223bdbfd90c5deeb6f9a2811fe",
            "timeouts": null,
            "triggers": null
          },
          "sensitive_attributes": [],
          "private": "eyJlMmJmYjczMC1lY2FhLTExZTYtOGY4OC0zNDM2M2JjN2M0YzAiOnsiY3JlYXRlIjoxMjAwMDAwMDAwMDAwLCJkZWxldGUiOjEyMDAwMDAwMDAwMDAsInVwZGF0ZSI6MTIwMDAwMDAwMDAwMH19"
        }
      ]
    },
    {
      "mode": "managed",
      "type": "docker_image",
      "name": "postgres",
      "provider": "provider[\"registry.terraform.io/kreuzwerker/docker\"]",
      "instances": [
        {
          "schema_version": 0,
          "attributes": {
            "build": [],
            "force_remove": null,
            "id": "sha256:822f8795764a670160640888508b2a68ea5c4b045012c2de17e1d0447bdbdc99postgres:15",
            "image_id": "sha256:822f8795764a670160640888508b2a68ea5c4b045012c2de17e1d0447bdbdc99",
            "keep_locally": null,
            "name": "postgres:15",
            "platform": null,
            "pull_triggers": null,
            "repo_digest": "postgres@sha256:822f8795764a670160640888508b2a68ea5c4b045012c2de17e1d0447bdbdc99",
            "timeouts": null,
            "triggers": null
          },
          "sensitive_attributes": [],
          "private": "eyJlMmJmYjczMC1lY2FhLTExZTYtOGY4OC0zNDM2M2JjN2M0YzAiOnsiY3JlYXRlIjoxMjAwMDAwMDAwMDAwLCJkZWxldGUiOjEyMDAwMDAwMDAwMDAsInVwZGF0ZSI6MTIwMDAwMDAwMDAwMH19"
        }
      ]
    },
    {
      "mode": "managed",
      "type": "docker_network",
      "name": "app",
      "provider": "provider[\"registry.terraform.io/kreuzwerker/docker\"]",
      "instances": [
        {
          "schema_version": 1,
          "attributes": {
            "attachable": false,
            "check_duplicate": null,
            "driver": "bridge",
            "id": "4d2790b3daa187d25a4a69f77bbb9a3817d99a88879ecddf46de5eff83aea3a0",
            "ingress": false,
            "internal": false,
            "ipam_config": [
              {
                "aux_address": {},
                "gateway": "172.18.0.1",
                "ip_range": "",
                "subnet": "172.18.0.0/16"
              }
            ],
            "ipam_driver": "default",
            "ipam_options": null,
            "ipv6": false,
            "labels": [],
            "name": "demoapp-dev-net",
            "options": {
              "com.docker.network.enable_ipv4": "true",
              "com.docker.network.enable_ipv6": "false"
            },
            "scope": "local"
          },
          "sensitive_attributes": [],
          "private": "eyJzY2hlbWFfdmVyc2lvbiI6IjEifQ=="
        }
      ]
    },
    {
      "mode": "managed",
      "type": "docker_volume",
      "name": "db_data",
      "provider": "provider[\"registry.terraform.io/kreuzwerker/docker\"]",
      "instances": [
        {
          "schema_version": 1,
          "attributes": {
            "driver": "local",
            "driver_opts": null,
            "id": "demoapp-dev-db-data",
            "labels": [],
            "mountpoint": "/var/lib/docker/volumes/demoapp-dev-db-data/_data",
            "name": "demoapp-dev-db-data"
          },
          "sensitive_attributes": [],
          "private": "eyJzY2hlbWFfdmVyc2lvbiI6IjEifQ=="
        }
      ]
    }
  ],
  "check_results": null
}
